// !$*UTF8*$!
{
	archiveVersion = 1;
	classes = {
	};
	objectVersion = 46;
	objects = {

/* Begin PBXBuildFile section */
		0DCA2FAF22857CB000851278 /* XWObject.m in Sources */ = {isa = PBXBuildFile; fileRef = 0DCA2FAE22857CB000851278 /* XWObject.m */; };
		870242071CF93E2E000B9646 /* RuntimeInvoker.m in Sources */ = {isa = PBXBuildFile; fileRef = 870242061CF93E2E000B9646 /* RuntimeInvoker.m */; };
		87E828791CF81B5E008E25AF /* main.m in Sources */ = {isa = PBXBuildFile; fileRef = 87E828781CF81B5E008E25AF /* main.m */; };
		87E8287C1CF81B5E008E25AF /* AppDelegate.m in Sources */ = {isa = PBXBuildFile; fileRef = 87E8287B1CF81B5E008E25AF /* AppDelegate.m */; };
		87E8287F1CF81B5E008E25AF /* ViewController.m in Sources */ = {isa = PBXBuildFile; fileRef = 87E8287E1CF81B5E008E25AF /* ViewController.m */; };
		87E828841CF81B5E008E25AF /* Assets.xcassets in Resources */ = {isa = PBXBuildFile; fileRef = 87E828831CF81B5E008E25AF /* Assets.xcassets */; };
		87E828871CF81B5E008E25AF /* LaunchScreen.storyboard in Resources */ = {isa = PBXBuildFile; fileRef = 87E828851CF81B5E008E25AF /* LaunchScreen.storyboard */; };
/* End PBXBuildFile section */

/* Begin PBXFileReference section */
		0DCA2FAD22857CB000851278 /* XWObject.h */ = {isa = PBXFileReference; lastKnownFileType = sourcecode.c.h; path = XWObject.h; sourceTree = "<group>"; };
		0DCA2FAE22857CB000851278 /* XWObject.m */ = {isa = PBXFileReference; lastKnownFileType = sourcecode.c.objc; path = XWObject.m; sourceTree = "<group>"; };
		870242051CF93E2E000B9646 /* RuntimeInvoker.h */ = {isa = PBXFileReference; fileEncoding = 4; lastKnownFileType = sourcecode.c.h; path = RuntimeInvoker.h; sourceTree = "<group>"; };
		870242061CF93E2E000B9646 /* RuntimeInvoker.m */ = {isa = PBXFileReference; fileEncoding = 4; lastKnownFileType = sourcecode.c.objc; path = RuntimeInvoker.m; sourceTree = "<group>"; };
		87E828741CF81B5E008E25AF /* RuntimeInvoker.app */ = {isa = PBXFileReference; explicitFileType = wrapper.application; includeInIndex = 0; path = RuntimeInvoker.app; sourceTree = BUILT_PRODUCTS_DIR; };
		87E828781CF81B5E008E25AF /* main.m */ = {isa = PBXFileReference; lastKnownFileType = sourcecode.c.objc; path = main.m; sourceTree = "<group>"; };
		87E8287A1CF81B5E008E25AF /* AppDelegate.h */ = {isa = PBXFileReference; lastKnownFileType = sourcecode.c.h; path = AppDelegate.h; sourceTree = "<group>"; };
		87E8287B1CF81B5E008E25AF /* AppDelegate.m */ = {isa = PBXFileReference; lastKnownFileType = sourcecode.c.objc; path = AppDelegate.m; sourceTree = "<group>"; };
		87E8287D1CF81B5E008E25AF /* ViewController.h */ = {isa = PBXFileReference; lastKnownFileType = sourcecode.c.h; path = ViewController.h; sourceTree = "<group>"; };
		87E8287E1CF81B5E008E25AF /* ViewController.m */ = {isa = PBXFileReference; lastKnownFileType = sourcecode.c.objc; path = ViewController.m; sourceTree = "<group>"; };
		87E828831CF81B5E008E25AF /* Assets.xcassets */ = {isa = PBXFileReference; lastKnownFileType = folder.assetcatalog; path = Assets.xcassets; sourceTree = "<group>"; };
		87E828861CF81B5E008E25AF /* Base */ = {isa = PBXFileReference; lastKnownFileType = file.storyboard; name = Base; path = Base.lproj/LaunchScreen.storyboard; sourceTree = "<group>"; };
		87E828881CF81B5E008E25AF /* Info.plist */ = {isa = PBXFileReference; lastKnownFileType = text.plist.xml; path = Info.plist; sourceTree = "<group>"; };
/* End PBXFileReference section */

/* Begin PBXFrameworksBuildPhase section */
		87E828711CF81B5E008E25AF /* Frameworks */ = {
			isa = PBXFrameworksBuildPhase;
			buildActionMask = 2147483647;
			files = (
			);
			runOnlyForDeploymentPostprocessing = 0;
		};
/* End PBXFrameworksBuildPhase section */

/* Begin PBXGroup section */
		87E8286B1CF81B5E008E25AF = {
			isa = PBXGroup;
			children = (
				87E828761CF81B5E008E25AF /* RuntimeInvoker */,
				87E828751CF81B5E008E25AF /* Products */,
			);
			sourceTree = "<group>";
		};
		87E828751CF81B5E008E25AF /* Products */ = {
			isa = PBXGroup;
			children = (
				87E828741CF81B5E008E25AF /* RuntimeInvoker.app */,
			);
			name = Products;
			sourceTree = "<group>";
		};
		87E828761CF81B5E008E25AF /* RuntimeInvoker */ = {
			isa = PBXGroup;
			children = (
				870242051CF93E2E000B9646 /* RuntimeInvoker.h */,
				870242061CF93E2E000B9646 /* RuntimeInvoker.m */,
				87E8287A1CF81B5E008E25AF /* AppDelegate.h */,
				87E8287B1CF81B5E008E25AF /* AppDelegate.m */,
				87E8287D1CF81B5E008E25AF /* ViewController.h */,
				87E8287E1CF81B5E008E25AF /* ViewController.m */,
				0DCA2FAD22857CB000851278 /* XWObject.h */,
				0DCA2FAE22857CB000851278 /* XWObject.m */,
				87E828771CF81B5E008E25AF /* Supporting Files */,
			);
			path = RuntimeInvoker;
			sourceTree = "<group>";
		};
		87E828771CF81B5E008E25AF /* Supporting Files */ = {
			isa = PBXGroup;
			children = (
				87E828831CF81B5E008E25AF /* Assets.xcassets */,
				87E828851CF81B5E008E25AF /* LaunchScreen.storyboard */,
				87E828881CF81B5E008E25AF /* Info.plist */,
				87E828781CF81B5E008E25AF /* main.m */,
			);
			name = "Supporting Files";
			sourceTree = "<group>";
		};
/* End PBXGroup section */

/* Begin PBXNativeTarget section */
		87E828731CF81B5E008E25AF /* RuntimeInvoker */ = {
			isa = PBXNativeTarget;
			buildConfigurationList = 87E8288B1CF81B5E008E25AF /* Build configuration list for PBXNativeTarget "RuntimeInvoker" */;
			buildPhases = (
				87E828701CF81B5E008E25AF /* Sources */,
				87E828711CF81B5E008E25AF /* Frameworks */,
				87E828721CF81B5E008E25AF /* Resources */,
			);
			buildRules = (
			);
			dependencies = (
			);
			name = RuntimeInvoker;
			productName = RuntimeInvoker;
			productReference = 87E828741CF81B5E008E25AF /* RuntimeInvoker.app */;
			productType = "com.apple.product-type.application";
		};
/* End PBXNativeTarget section */

/* Begin PBXProject section */
		87E8286C1CF81B5E008E25AF /* Project object */ = {
			isa = PBXProject;
			attributes = {
				LastUpgradeCheck = 0810;
				ORGANIZATIONNAME = cyan;
				TargetAttributes = {
					87E828731CF81B5E008E25AF = {
						CreatedOnToolsVersion = 7.2.1;
						DevelopmentTeam = TCKG8FBVG6;
					};
				};
			};
			buildConfigurationList = 87E8286F1CF81B5E008E25AF /* Build configuration list for PBXProject "RuntimeInvoker" */;
			compatibilityVersion = "Xcode 3.2";
			developmentRegion = English;
			hasScannedForEncodings = 0;
			knownRegions = (
				English,
				en,
				Base,
			);
			mainGroup = 87E8286B1CF81B5E008E25AF;
			productRefGroup = 87E828751CF81B5E008E25AF /* Products */;
			projectDirPath = "";
			projectRoot = "";
			targets = (
				87E828731CF81B5E008E25AF /* RuntimeInvoker */,
			);
		};
/* End PBXProject section */

/* Begin PBXResourcesBuildPhase section */
		87E828721CF81B5E008E25AF /* Resources */ = {
			isa = PBXResourcesBuildPhase;
			buildActionMask = 2147483647;
			files = (
				87E828871CF81B5E008E25AF /* LaunchScreen.storyboard in Resources */,
				87E828841CF81B5E008E25AF /* Assets.xcassets in Resources */,
			);
			runOnlyForDeploymentPostprocessing = 0;
		};
/* End PBXResourcesBuildPhase section */

/* Begin PBXSourcesBuildPhase section */
		87E828701CF81B5E008E25AF /* Sources */ = {
			isa = PBXSourcesBuildPhase;
			buildActionMask = 2147483647;
			files = (
				870242071CF93E2E000B9646 /* RuntimeInvoker.m in Sources */,
				87E8287F1CF81B5E008E25AF /* ViewController.m in Sources */,
				0DCA2FAF22857CB000851278 /* XWObject.m in Sources */,
				87E8287C1CF81B5E008E25AF /* AppDelegate.m in Sources */,
				87E828791CF81B5E008E25AF /* main.m in Sources */,
			);
			runOnlyForDeploymentPostprocessing = 0;
		};
/* End PBXSourcesBuildPhase section */

/* Begin PBXVariantGroup section */
		87E828851CF81B5E008E25AF /* LaunchScreen.storyboard */ = {
			isa = PBXVariantGroup;
			children = (
				87E828861CF81B5E008E25AF /* Base */,
			);
			name = LaunchScreen.storyboard;
			sourceTree = "<group>";
		};
/* End PBXVariantGroup section */

/* Begin XCBuildConfiguration section */
		87E828891CF81B5E008E25AF /* Debug */ = {
			isa = XCBuildConfiguration;
			buildSettings = {
				ALWAYS_SEARCH_USER_PATHS = NO;
				CLANG_CXX_LANGUAGE_STANDARD = "gnu++0x";
				CLANG_CXX_LIBRARY = "libc++";
				CLANG_ENABLE_MODULES = YES;
				CLANG_ENABLE_OBJC_ARC = YES;
				CLANG_WARN_BOOL_CONVERSION = YES;
				CLANG_WARN_CONSTANT_CONVERSION = YES;
				CLANG_WARN_DIRECT_OBJC_ISA_USAGE = YES_ERROR;
				CLANG_WARN_EMPTY_BODY = YES;
				CLANG_WARN_ENUM_CONVERSION = YES;
				CLANG_WARN_INFINITE_RECURSION = YES;
				CLANG_WARN_INT_CONVERSION = YES;
				CLANG_WARN_OBJC_ROOT_CLASS = YES_ERROR;
				CLANG_WARN_SUSPICIOUS_MOVE = YES;
				CLANG_WARN_UNREACHABLE_CODE = YES;
				CLANG_WARN__DUPLICATE_METHOD_MATCH = YES;
				"CODE_SIGN_IDENTITY[sdk=iphoneos*]" = "iPhone Developer";
				COPY_PHASE_STRIP = NO;
				DEBUG_INFORMATION_FORMAT = dwarf;
				ENABLE_STRICT_OBJC_MSGSEND = YES;
				ENABLE_TESTABILITY = YES;
				GCC_C_LANGUAGE_STANDARD = gnu99;
				GCC_DYNAMIC_NO_PIC = NO;
				GCC_NO_COMMON_BLOCKS = YES;
				GCC_OPTIMIZATION_LEVEL = 0;
				GCC_PREPROCESSOR_DEFINITIONS = (
					"DEBUG=1",
					"$(inherited)",
				);
				GCC_WARN_64_TO_32_BIT_CONVERSION = YES;
				GCC_WARN_ABOUT_RETURN_TYPE = YES_ERROR;
				GCC_WARN_UNDECLARED_SELECTOR = YES;
				GCC_WARN_UNINITIALIZED_AUTOS = YES_AGGRESSIVE;
				GCC_WARN_UNUSED_FUNCTION = YES;
				GCC_WARN_UNUSED_VARIABLE = YES;
				IPHONEOS_DEPLOYMENT_TARGET = 8.0;
				MTL_ENABLE_DEBUG_INFO = YES;
				ONLY_ACTIVE_ARCH = YES;
				SDKROOT = iphoneos;
				TARGETED_DEVICE_FAMILY = "1,2";
			};
			name = Debug;
		};
		87E8288A1CF81B5E008E25AF /* Release */ = {
			isa = XCBuildConfiguration;
			buildSettings = {
				ALWAYS_SEARCH_USER_PATHS = NO;
				CLANG_CXX_LANGUAGE_STANDARD = "gnu++0x";
				CLANG_CXX_LIBRARY = "libc++";
				CLANG_ENABLE_MODULES = YES;
				CLANG_ENABLE_OBJC_ARC = YES;
				CLANG_WARN_BOOL_CONVERSION = YES;
				CLANG_WARN_CONSTANT_CONVERSION = YES;
				CLANG_WARN_DIRECT_OBJC_ISA_USAGE = YES_ERROR;
				CLANG_WARN_EMPTY_BODY = YES;
				CLANG_WARN_ENUM_CONVERSION = YES;
				CLANG_WARN_INFINITE_RECURSION = YES;
				CLANG_WARN_INT_CONVERSION = YES;
				CLANG_WARN_OBJC_ROOT_CLASS = YES_ERROR;
				CLANG_WARN_SUSPICIOUS_MOVE = YES;
				CLANG_WARN_UNREACHABLE_CODE = YES;
				CLANG_WARN__DUPLICATE_METHOD_MATCH = YES;
				"CODE_SIGN_IDENTITY[sdk=iphoneos*]" = "iPhone Developer";
				COPY_PHASE_STRIP = NO;
				DEBUG_INFORMATION_FORMAT = "dwarf-with-dsym";
				ENABLE_NS_ASSERTIONS = NO;
				ENABLE_STRICT_OBJC_MSGSEND = YES;
				GCC_C_LANGUAGE_STANDARD = gnu99;
				GCC_NO_COMMON_BLOCKS = YES;
				GCC_WARN_64_TO_32_BIT_CONVERSION = YES;
				GCC_WARN_ABOUT_RETURN_TYPE = YES_ERROR;
				GCC_WARN_UNDECLARED_SELECTOR = YES;
				GCC_WARN_UNINITIALIZED_AUTOS = YES_AGGRESSIVE;
				GCC_WARN_UNUSED_FUNCTION = YES;
				GCC_WARN_UNUSED_VARIABLE = YES;
				IPHONEOS_DEPLOYMENT_TARGET = 8.0;
				MTL_ENABLE_DEBUG_INFO = NO;
				SDKROOT = iphoneos;
				TARGETED_DEVICE_FAMILY = "1,2";
				VALIDATE_PRODUCT = YES;
			};
			name = Release;
		};
		87E8288C1CF81B5E008E25AF /* Debug */ = {
			isa = XCBuildConfiguration;
			buildSettings = {
				ASSETCATALOG_COMPILER_APPICON_NAME = AppIcon;
				DEVELOPMENT_TEAM = TCKG8FBVG6;
				INFOPLIST_FILE = RuntimeInvoker/Info.plist;
				LD_RUNPATH_SEARCH_PATHS = "$(inherited) @executable_path/Frameworks";
				PRODUCT_BUNDLE_IDENTIFIER = lib.cyan.RuntimeInvoker;
				PRODUCT_NAME = "$(TARGET_NAME)";
			};
			name = Debug;
		};
		87E8288D1CF81B5E008E25AF /* Release */ = {
			isa = XCBuildConfiguration;
			buildSettings = {
				ASSETCATALOG_COMPILER_APPICON_NAME = AppIcon;
				DEVELOPMENT_TEAM = TCKG8FBVG6;
				INFOPLIST_FILE = RuntimeInvoker/Info.plist;
				LD_RUNPATH_SEARCH_PATHS = "$(inherited) @executable_path/Frameworks";
				PRODUCT_BUNDLE_IDENTIFIER = lib.cyan.RuntimeInvoker;
				PRODUCT_NAME = "$(TARGET_NAME)";
			};
			name = Release;
		};
/* End XCBuildConfiguration section */

/* Begin XCConfigurationList section */
		87E8286F1CF81B5E008E25AF /* Build configuration list for PBXProject "RuntimeInvoker" */ = {
			isa = XCConfigurationList;
			buildConfigurations = (
				87E828891CF81B5E008E25AF /* Debug */,
				87E8288A1CF81B5E008E25AF /* Release */,
			);
			defaultConfigurationIsVisible = 0;
			defaultConfigurationName = Release;
		};
		87E8288B1CF81B5E008E25AF /* Build configuration list for PBXNativeTarget "RuntimeInvoker" */ = {
			isa = XCConfigurationList;
			buildConfigurations = (
				87E8288C1CF81B5E008E25AF /* Debug */,
				87E8288D1CF81B5E008E25AF /* Release */,
			);
			defaultConfigurationIsVisible = 0;
			defaultConfigurationName = Release;
		};
/* End XCConfigurationList section */
	};
	rootObject = 87E8286C1CF81B5E008E25AF /* Project object */;
}
